
Microsoft Visual Studio Solution File, Format Version 12.00
# Visual Studio Version 16
VisualStudioVersion = 16.0.31005.135
MinimumVisualStudioVersion = 10.0.40219.1
Project("{FAE04EC0-301F-11D3-BF4B-00C04F79EFBC}") = "Web-Api.online", "Web-Api.online\Web-Api.online.csproj", "{0C670437-F9D5-4B2A-88C2-07A65AF00F26}"
EndProject
Global
	GlobalSection(SolutionConfigurationPlatforms) = preSolution
		Debug|Any CPU = Debug|Any CPU
		Release|Any CPU = Release|Any CPU
	EndGlobalSection
	GlobalSection(ProjectConfigurationPlatforms) = postSolution
		{0C670437-F9D5-4B2A-88C2-07A65AF00F26}.Debug|Any CPU.ActiveCfg = Debug|Any CPU
		{0C670437-F9D5-4B2A-88C2-07A65AF00F26}.Debug|Any CPU.Build.0 = Debug|Any CPU
		{0C670437-F9D5-4B2A-88C2-07A65AF00F26}.Release|Any CPU.ActiveCfg = Release|Any CPU
		{0C670437-F9D5-4B2A-88C2-07A65AF00F26}.Release|Any CPU.Build.0 = Release|Any CPU
	EndGlobalSection
	GlobalSection(SolutionProperties) = preSolution
		HideSolutionNode = FALSE
	EndGlobalSection
	GlobalSection(ExtensibilityGlobals) = postSolution
		SolutionGuid = {644FB38A-F4CC-4923-94AF-7DB7C15397E9}
	EndGlobalSection
EndGlobal
